<?xml version="1.0" encoding="utf-8"?>
<Project ToolsVersion="4.0" xmlns="http://schemas.microsoft.com/developer/msbuild/2003">
  <ItemGroup>
    <Filter Include="libs">
      <UniqueIdentifier>{2F149A7C-1B4B-9B0D-C437-8110B04D170F}</UniqueIdentifier>
    </Filter>
    <Filter Include="libs\lua">
      <UniqueIdentifier>{6034F2A6-4C01-4DB2-751A-3B5A61468240}</UniqueIdentifier>
    </Filter>
    <Filter Include="libs\sokol">
      <UniqueIdentifier>{E666CC2C-D21E-0E7A-3B26-E7D527FDA86A}</UniqueIdentifier>
    </Filter>
    <Filter Include="src">
      <UniqueIdentifier>{2DAB880B-99B4-887C-2230-9F7C8E38947C}</UniqueIdentifier>
    </Filter>
    <Filter Include="src\embed">
      <UniqueIdentifier>{F92C1DB5-6597-D12B-AED5-82D11A7FAF80}</UniqueIdentifier>
    </Filter>
    <Filter Include="src\platform">
      <UniqueIdentifier>{41663D6D-2DC9-CC11-D64E-05C8C2909894}</UniqueIdentifier>
    </Filter>
  </ItemGroup>
  <ItemGroup>
    <ClInclude Include="..\..\libs\lua\lapi.h">
      <Filter>libs\lua</Filter>
    </ClInclude>
    <ClInclude Include="..\..\libs\lua\lauxlib.h">
      <Filter>libs\lua</Filter>
    </ClInclude>
    <ClInclude Include="..\..\libs\lua\lcode.h">
      <Filter>libs\lua</Filter>
    </ClInclude>
    <ClInclude Include="..\..\libs\lua\lctype.h">
      <Filter>libs\lua</Filter>
    </ClInclude>
    <ClInclude Include="..\..\libs\lua\ldebug.h">
      <Filter>libs\lua</Filter>
    </ClInclude>
    <ClInclude Include="..\..\libs\lua\ldo.h">
      <Filter>libs\lua</Filter>
    </ClInclude>
    <ClInclude Include="..\..\libs\lua\lfunc.h">
      <Filter>libs\lua</Filter>
    </ClInclude>
    <ClInclude Include="..\..\libs\lua\lgc.h">
      <Filter>libs\lua</Filter>
    </ClInclude>
    <ClInclude Include="..\..\libs\lua\llex.h">
      <Filter>libs\lua</Filter>
    </ClInclude>
    <ClInclude Include="..\..\libs\lua\llimits.h">
      <Filter>libs\lua</Filter>
    </ClInclude>
    <ClInclude Include="..\..\libs\lua\lmem.h">
      <Filter>libs\lua</Filter>
    </ClInclude>
    <ClInclude Include="..\..\libs\lua\lobject.h">
      <Filter>libs\lua</Filter>
    </ClInclude>
    <ClInclude Include="..\..\libs\lua\lopcodes.h">
      <Filter>libs\lua</Filter>
    </ClInclude>
    <ClInclude Include="..\..\libs\lua\lparser.h">
      <Filter>libs\lua</Filter>
    </ClInclude>
    <ClInclude Include="..\..\libs\lua\lstate.h">
      <Filter>libs\lua</Filter>
    </ClInclude>
    <ClInclude Include="..\..\libs\lua\lstring.h">
      <Filter>libs\lua</Filter>
    </ClInclude>
    <ClInclude Include="..\..\libs\lua\ltable.h">
      <Filter>libs\lua</Filter>
    </ClInclude>
    <ClInclude Include="..\..\libs\lua\ltm.h">
      <Filter>libs\lua</Filter>
    </ClInclude>
    <ClInclude Include="..\..\libs\lua\lua.h">
      <Filter>libs\lua</Filter>
    </ClInclude>
    <ClInclude Include="..\..\libs\lua\luaconf.h">
      <Filter>libs\lua</Filter>
    </ClInclude>
    <ClInclude Include="..\..\libs\lua\lualib.h">
      <Filter>libs\lua</Filter>
    </ClInclude>
    <ClInclude Include="..\..\libs\lua\lundump.h">
      <Filter>libs\lua</Filter>
    </ClInclude>
    <ClInclude Include="..\..\libs\lua\lvm.h">
      <Filter>libs\lua</Filter>
    </ClInclude>
    <ClInclude Include="..\..\libs\lua\lzio.h">
      <Filter>libs\lua</Filter>
    </ClInclude>
    <ClInclude Include="..\..\libs\sokol\sokol_app.h">
      <Filter>libs\sokol</Filter>
    </ClInclude>
    <ClInclude Include="..\..\libs\sokol\sokol_gfx.h">
      <Filter>libs\sokol</Filter>
    </ClInclude>
    <ClInclude Include="..\..\libs\sokol\sokol_glue.h">
      <Filter>libs\sokol</Filter>
    </ClInclude>
    <ClInclude Include="..\..\libs\sokol\sokol_log.h">
      <Filter>libs\sokol</Filter>
    </ClInclude>
    <ClInclude Include="..\..\src\cel8.h">
      <Filter>src</Filter>
    </ClInclude>
    <ClInclude Include="..\..\src\embed\boot.lua.h">
      <Filter>src\embed</Filter>
    </ClInclude>
    <ClInclude Include="..\..\src\embed\font.h">
      <Filter>src\embed</Filter>
    </ClInclude>
    <ClInclude Include="..\..\src\embed\fragment.fs.h">
      <Filter>src\embed</Filter>
    </ClInclude>
    <ClInclude Include="..\..\src\embed\palette.h">
      <Filter>src\embed</Filter>
    </ClInclude>
    <ClInclude Include="..\..\src\embed\vertex.vs.h">
      <Filter>src\embed</Filter>
    </ClInclude>
  </ItemGroup>
  <ItemGroup>
    <ClCompile Include="..\..\libs\lua\lapi.c">
      <Filter>libs\lua</Filter>
    </ClCompile>
    <ClCompile Include="..\..\libs\lua\lauxlib.c">
      <Filter>libs\lua</Filter>
    </ClCompile>
    <ClCompile Include="..\..\libs\lua\lbaselib.c">
      <Filter>libs\lua</Filter>
    </ClCompile>
    <ClCompile Include="..\..\libs\lua\lbitlib.c">
      <Filter>libs\lua</Filter>
    </ClCompile>
    <ClCompile Include="..\..\libs\lua\lcode.c">
      <Filter>libs\lua</Filter>
    </ClCompile>
    <ClCompile Include="..\..\libs\lua\lcorolib.c">
      <Filter>libs\lua</Filter>
    </ClCompile>
    <ClCompile Include="..\..\libs\lua\lctype.c">
      <Filter>libs\lua</Filter>
    </ClCompile>
    <ClCompile Include="..\..\libs\lua\ldblib.c">
      <Filter>libs\lua</Filter>
    </ClCompile>
    <ClCompile Include="..\..\libs\lua\ldebug.c">
      <Filter>libs\lua</Filter>
    </ClCompile>
    <ClCompile Include="..\..\libs\lua\ldo.c">
      <Filter>libs\lua</Filter>
    </ClCompile>
    <ClCompile Include="..\..\libs\lua\ldump.c">
      <Filter>libs\lua</Filter>
    </ClCompile>
    <ClCompile Include="..\..\libs\lua\lfunc.c">
      <Filter>libs\lua</Filter>
    </ClCompile>
    <ClCompile Include="..\..\libs\lua\lgc.c">
      <Filter>libs\lua</Filter>
    </ClCompile>
    <ClCompile Include="..\..\libs\lua\linit.c">
      <Filter>libs\lua</Filter>
    </ClCompile>
    <ClCompile Include="..\..\libs\lua\liolib.c">
      <Filter>libs\lua</Filter>
    </ClCompile>
    <ClCompile Include="..\..\libs\lua\llex.c">
      <Filter>libs\lua</Filter>
    </ClCompile>
    <ClCompile Include="..\..\libs\lua\lmathlib.c">
      <Filter>libs\lua</Filter>
    </ClCompile>
    <ClCompile Include="..\..\libs\lua\lmem.c">
      <Filter>libs\lua</Filter>
    </ClCompile>
    <ClCompile Include="..\..\libs\lua\loadlib.c">
      <Filter>libs\lua</Filter>
    </ClCompile>
    <ClCompile Include="..\..\libs\lua\lobject.c">
      <Filter>libs\lua</Filter>
    </ClCompile>
    <ClCompile Include="..\..\libs\lua\lopcodes.c">
      <Filter>libs\lua</Filter>
    </ClCompile>
    <ClCompile Include="..\..\libs\lua\loslib.c">
      <Filter>libs\lua</Filter>
    </ClCompile>
    <ClCompile Include="..\..\libs\lua\lparser.c">
      <Filter>libs\lua</Filter>
    </ClCompile>
    <ClCompile Include="..\..\libs\lua\lstate.c">
      <Filter>libs\lua</Filter>
    </ClCompile>
    <ClCompile Include="..\..\libs\lua\lstring.c">
      <Filter>libs\lua</Filter>
    </ClCompile>
    <ClCompile Include="..\..\libs\lua\lstrlib.c">
      <Filter>libs\lua</Filter>
    </ClCompile>
    <ClCompile Include="..\..\libs\lua\ltable.c">
      <Filter>libs\lua</Filter>
    </ClCompile>
    <ClCompile Include="..\..\libs\lua\ltablib.c">
      <Filter>libs\lua</Filter>
    </ClCompile>
    <ClCompile Include="..\..\libs\lua\ltm.c">
      <Filter>libs\lua</Filter>
    </ClCompile>
    <ClCompile Include="..\..\libs\lua\lundump.c">
      <Filter>libs\lua</Filter>
    </ClCompile>
    <ClCompile Include="..\..\libs\lua\lvm.c">
      <Filter>libs\lua</Filter>
    </ClCompile>
    <ClCompile Include="..\..\libs\lua\lzio.c">
      <Filter>libs\lua</Filter>
    </ClCompile>
    <ClCompile Include="..\..\libs\sokol\sokol.c">
      <Filter>libs\sokol</Filter>
    </ClCompile>
    <ClCompile Include="..\..\src\platform\sokol.c">
      <Filter>src\platform</Filter>
    </ClCompile>
  </ItemGroup>
</Project>